// !$*UTF8*$!
{
	archiveVersion = 1;
	classes = {
	};
	objectVersion = 46;
	objects = {

/* Begin PBXBuildFile section */
		29295E2C1C3BF7A900A45B3C /* AppDelegate.swift in Sources */ = {isa = PBXBuildFile; fileRef = 29295E2B1C3BF7A900A45B3C /* AppDelegate.swift */; };
		29295E2E1C3BF7A900A45B3C /* ViewController.swift in Sources */ = {isa = PBXBuildFile; fileRef = 29295E2D1C3BF7A900A45B3C /* ViewController.swift */; };
		29295E311C3BF7A900A45B3C /* Main.storyboard in Resources */ = {isa = PBXBuildFile; fileRef = 29295E2F1C3BF7A900A45B3C /* Main.storyboard */; };
		29295E331C3BF7A900A45B3C /* Assets.xcassets in Resources */ = {isa = PBXBuildFile; fileRef = 29295E321C3BF7A900A45B3C /* Assets.xcassets */; };
		29295E361C3BF7A900A45B3C /* LaunchScreen.storyboard in Resources */ = {isa = PBXBuildFile; fileRef = 29295E341C3BF7A900A45B3C /* LaunchScreen.storyboard */; };
/* End PBXBuildFile section */

/* Begin PBXFileReference section */
		29295E281C3BF7A900A45B3C /* TestLiveRendering.app */ = {isa = PBXFileReference; explicitFileType = wrapper.application; includeInIndex = 0; path = TestLiveRendering.app; sourceTree = BUILT_PRODUCTS_DIR; };
		29295E2B1C3BF7A900A45B3C /* AppDelegate.swift */ = {isa = PBXFileReference; lastKnownFileType = sourcecode.swift; path = AppDelegate.swift; sourceTree = "<group>"; };
		29295E2D1C3BF7A900A45B3C /* ViewController.swift */ = {isa = PBXFileReference; lastKnownFileType = sourcecode.swift; path = ViewController.swift; sourceTree = "<group>"; };
		29295E301C3BF7A900A45B3C /* Base */ = {isa = PBXFileReference; lastKnownFileType = file.storyboard; name = Base; path = Base.lproj/Main.storyboard; sourceTree = "<group>"; };
		29295E321C3BF7A900A45B3C /* Assets.xcassets */ = {isa = PBXFileReference; lastKnownFileType = folder.assetcatalog; path = Assets.xcassets; sourceTree = "<group>"; };
		29295E351C3BF7A900A45B3C /* Base */ = {isa = PBXFileReference; lastKnownFileType = file.storyboard; name = Base; path = Base.lproj/LaunchScreen.storyboard; sourceTree = "<group>"; };
		29295E371C3BF7A900A45B3C /* Info.plist */ = {isa = PBXFileReference; lastKnownFileType = text.plist.xml; path = Info.plist; sourceTree = "<group>"; };
/* End PBXFileReference section */

/* Begin PBXFrameworksBuildPhase section */
		29295E251C3BF7A900A45B3C /* Frameworks */ = {
			isa = PBXFrameworksBuildPhase;
			buildActionMask = 2147483647;
			files = (
			);
			runOnlyForDeploymentPostprocessing = 0;
		};
/* End PBXFrameworksBuildPhase section */

/* Begin PBXGroup section */
		29295E1F1C3BF7A900A45B3C = {
			isa = PBXGroup;
			children = (
				29295E2A1C3BF7A900A45B3C /* TestLiveRendering */,
				29295E291C3BF7A900A45B3C /* Products */,
			);
			sourceTree = "<group>";
		};
		29295E291C3BF7A900A45B3C /* Products */ = {
			isa = PBXGroup;
			children = (
				29295E281C3BF7A900A45B3C /* TestLiveRendering.app */,
			);
			name = Products;
			sourceTree = "<group>";
		};
		29295E2A1C3BF7A900A45B3C /* TestLiveRendering */ = {
			isa = PBXGroup;
			children = (
				29295E2B1C3BF7A900A45B3C /* AppDelegate.swift */,
				29295E2D1C3BF7A900A45B3C /* ViewController.swift */,
				29295E2F1C3BF7A900A45B3C /* Main.storyboard */,
				29295E321C3BF7A900A45B3C /* Assets.xcassets */,
				29295E341C3BF7A900A45B3C /* LaunchScreen.storyboard */,
				29295E371C3BF7A900A45B3C /* Info.plist */,
			);
			path = TestLiveRendering;
			sourceTree = "<group>";
		};
/* End PBXGroup section */

/* Begin PBXNativeTarget section */
		29295E271C3BF7A900A45B3C /* TestLiveRendering */ = {
			isa = PBXNativeTarget;
			buildConfigurationList = 29295E3A1C3BF7A900A45B3C /* Build configuration list for PBXNativeTarget "TestLiveRendering" */;
			buildPhases = (
				29295E241C3BF7A900A45B3C /* Sources */,
				29295E251C3BF7A900A45B3C /* Frameworks */,
				29295E261C3BF7A900A45B3C /* Resources */,
			);
			buildRules = (
			);
			dependencies = (
			);
			name = TestLiveRendering;
			productName = TestLiveRendering;
			productReference = 29295E281C3BF7A900A45B3C /* TestLiveRendering.app */;
			productType = "com.apple.product-type.application";
		};
/* End PBXNativeTarget section */

/* Begin PBXProject section */
		29295E201C3BF7A900A45B3C /* Project object */ = {
			isa = PBXProject;
			attributes = {
				LastSwiftUpdateCheck = 0720;
				LastUpgradeCheck = 0720;
				ORGANIZATIONNAME = shiyuwudi;
				TargetAttributes = {
					29295E271C3BF7A900A45B3C = {
						CreatedOnToolsVersion = 7.2;
					};
				};
			};
			buildConfigurationList = 29295E231C3BF7A900A45B3C /* Build configuration list for PBXProject "TestLiveRendering" */;
			compatibilityVersion = "Xcode 3.2";
			developmentRegion = English;
			hasScannedForEncodings = 0;
			knownRegions = (
				en,
				Base,
			);
			mainGroup = 29295E1F1C3BF7A900A45B3C;
			productRefGroup = 29295E291C3BF7A900A45B3C /* Products */;
			projectDirPath = "";
			projectRoot = "";
			targets = (
				29295E271C3BF7A900A45B3C /* TestLiveRendering */,
			);
		};
/* End PBXProject section */

/* Begin PBXResourcesBuildPhase section */
		29295E261C3BF7A900A45B3C /* Resources */ = {
			isa = PBXResourcesBuildPhase;
			buildActionMask = 2147483647;
			files = (
				29295E361C3BF7A900A45B3C /* LaunchScreen.storyboard in Resources */,
				29295E331C3BF7A900A45B3C /* Assets.xcassets in Resources */,
				29295E311C3BF7A900A45B3C /* Main.storyboard in Resources */,
			);
			runOnlyForDeploymentPostprocessing = 0;
		};
/* End PBXResourcesBuildPhase section */

/* Begin PBXSourcesBuildPhase section */
		29295E241C3BF7A900A45B3C /* Sources */ = {
			isa = PBXSourcesBuildPhase;
			buildActionMask = 2147483647;
			files = (
				29295E2E1C3BF7A900A45B3C /* ViewController.swift in Sources */,
				29295E2C1C3BF7A900A45B3C /* AppDelegate.swift in Sources */,
			);
			runOnlyForDeploymentPostprocessing = 0;
		};
/* End PBXSourcesBuildPhase section */

/* Begin PBXVariantGroup section */
		29295E2F1C3BF7A900A45B3C /* Main.storyboard */ = {
			isa = PBXVariantGroup;
			children = (
				29295E301C3BF7A900A45B3C /* Base */,
			);
			name = Main.storyboard;
			sourceTree = "<group>";
		};
		29295E341C3BF7A900A45B3C /* LaunchScreen.storyboard */ = {
			isa = PBXVariantGroup;
			children = (
				29295E351C3BF7A900A45B3C /* Base */,
			);
			name = LaunchScreen.storyboard;
			sourceTree = "<group>";
		};
/* End PBXVariantGroup section */

/* Begin XCBuildConfiguration section */
		29295E381C3BF7A900A45B3C /* Debug */ = {
			isa = XCBuildConfiguration;
			buildSettings = {
				ALWAYS_SEARCH_USER_PATHS = NO;
				CLANG_CXX_LANGUAGE_STANDARD = "gnu++0x";
				CLANG_CXX_LIBRARY = "libc++";
				CLANG_ENABLE_MODULES = YES;
				CLANG_ENABLE_OBJC_ARC = YES;
				CLANG_WARN_BOOL_CONVERSION = YES;
				CLANG_WARN_CONSTANT_CONVERSION = YES;
				CLANG_WARN_DIRECT_OBJC_ISA_USAGE = YES_ERROR;
				CLANG_WARN_EMPTY_BODY = YES;
				CLANG_WARN_ENUM_CONVERSION = YES;
				CLANG_WARN_INT_CONVERSION = YES;
				CLANG_WARN_OBJC_ROOT_CLASS = YES_ERROR;
				CLANG_WARN_UNREACHABLE_CODE = YES;
				CLANG_WARN__DUPLICATE_METHOD_MATCH = YES;
				"CODE_SIGN_IDENTITY[sdk=iphoneos*]" = "iPhone Developer";
				COPY_PHASE_STRIP = NO;
				DEBUG_INFORMATION_FORMAT = dwarf;
				ENABLE_STRICT_OBJC_MSGSEND = YES;
				ENABLE_TESTABILITY = YES;
				GCC_C_LANGUAGE_STANDARD = gnu99;
				GCC_DYNAMIC_NO_PIC = NO;
				GCC_NO_COMMON_BLOCKS = YES;
				GCC_OPTIMIZATION_LEVEL = 0;
				GCC_PREPROCESSOR_DEFINITIONS = (
					"DEBUG=1",
					"$(inherited)",
				);
				GCC_WARN_64_TO_32_BIT_CONVERSION = YES;
				GCC_WARN_ABOUT_RETURN_TYPE = YES_ERROR;
				GCC_WARN_UNDECLARED_SELECTOR = YES;
				GCC_WARN_UNINITIALIZED_AUTOS = YES_AGGRESSIVE;
				GCC_WARN_UNUSED_FUNCTION = YES;
				GCC_WARN_UNUSED_VARIABLE = YES;
				IPHONEOS_DEPLOYMENT_TARGET = 9.2;
				MTL_ENABLE_DEBUG_INFO = YES;
				ONLY_ACTIVE_ARCH = YES;
				SDKROOT = iphoneos;
				SWIFT_OPTIMIZATION_LEVEL = "-Onone";
			};
			name = Debug;
		};
		29295E391C3BF7A900A45B3C /* Release */ = {
			isa = XCBuildConfiguration;
			buildSettings = {
				ALWAYS_SEARCH_USER_PATHS = NO;
				CLANG_CXX_LANGUAGE_STANDARD = "gnu++0x";
				CLANG_CXX_LIBRARY = "libc++";
				CLANG_ENABLE_MODULES = YES;
				CLANG_ENABLE_OBJC_ARC = YES;
				CLANG_WARN_BOOL_CONVERSION = YES;
				CLANG_WARN_CONSTANT_CONVERSION = YES;
				CLANG_WARN_DIRECT_OBJC_ISA_USAGE = YES_ERROR;
				CLANG_WARN_EMPTY_BODY = YES;
				CLANG_WARN_ENUM_CONVERSION = YES;
				CLANG_WARN_INT_CONVERSION = YES;
				CLANG_WARN_OBJC_ROOT_CLASS = YES_ERROR;
				CLANG_WARN_UNREACHABLE_CODE = YES;
				CLANG_WARN__DUPLICATE_METHOD_MATCH = YES;
				"CODE_SIGN_IDENTITY[sdk=iphoneos*]" = "iPhone Developer";
				COPY_PHASE_STRIP = NO;
				DEBUG_INFORMATION_FORMAT = "dwarf-with-dsym";
				ENABLE_NS_ASSERTIONS = NO;
				ENABLE_STRICT_OBJC_MSGSEND = YES;
				GCC_C_LANGUAGE_STANDARD = gnu99;
				GCC_NO_COMMON_BLOCKS = YES;
				GCC_WARN_64_TO_32_BIT_CONVERSION = YES;
				GCC_WARN_ABOUT_RETURN_TYPE = YES_ERROR;
				GCC_WARN_UNDECLARED_SELECTOR = YES;
				GCC_WARN_UNINITIALIZED_AUTOS = YES_AGGRESSIVE;
				GCC_WARN_UNUSED_FUNCTION = YES;
				GCC_WARN_UNUSED_VARIABLE = YES;
				IPHONEOS_DEPLOYMENT_TARGET = 9.2;
				MTL_ENABLE_DEBUG_INFO = NO;
				SDKROOT = iphoneos;
				VALIDATE_PRODUCT = YES;
			};
			name = Release;
		};
		29295E3B1C3BF7A900A45B3C /* Debug */ = {
			isa = XCBuildConfiguration;
			buildSettings = {
				ASSETCATALOG_COMPILER_APPICON_NAME = AppIcon;
				INFOPLIST_FILE = TestLiveRendering/Info.plist;
				LD_RUNPATH_SEARCH_PATHS = "$(inherited) @executable_path/Frameworks";
				PRODUCT_BUNDLE_IDENTIFIER = com.shiyuwudi.TestLiveRendering;
				PRODUCT_NAME = "$(TARGET_NAME)";
			};
			name = Debug;
		};
		29295E3C1C3BF7A900A45B3C /* Release */ = {
			isa = XCBuildConfiguration;
			buildSettings = {
				ASSETCATALOG_COMPILER_APPICON_NAME = AppIcon;
				INFOPLIST_FILE = TestLiveRendering/Info.plist;
				LD_RUNPATH_SEARCH_PATHS = "$(inherited) @executable_path/Frameworks";
				PRODUCT_BUNDLE_IDENTIFIER = com.shiyuwudi.TestLiveRendering;
				PRODUCT_NAME = "$(TARGET_NAME)";
			};
			name = Release;
		};
/* End XCBuildConfiguration section */

/* Begin XCConfigurationList section */
		29295E231C3BF7A900A45B3C /* Build configuration list for PBXProject "TestLiveRendering" */ = {
			isa = XCConfigurationList;
			buildConfigurations = (
				29295E381C3BF7A900A45B3C /* Debug */,
				29295E391C3BF7A900A45B3C /* Release */,
			);
			defaultConfigurationIsVisible = 0;
			defaultConfigurationName = Release;
		};
		29295E3A1C3BF7A900A45B3C /* Build configuration list for PBXNativeTarget "TestLiveRendering" */ = {
			isa = XCConfigurationList;
			buildConfigurations = (
				29295E3B1C3BF7A900A45B3C /* Debug */,
				29295E3C1C3BF7A900A45B3C /* Release */,
			);
			defaultConfigurationIsVisible = 0;
		};
/* End XCConfigurationList section */
	};
	rootObject = 29295E201C3BF7A900A45B3C /* Project object */;
}
